// !$*UTF8*$!
{
	archiveVersion = 1;
	classes = {
	};
	objectVersion = 50;
	objects = {

/* Begin PBXBuildFile section */
		634311982475775700D08369 /* AppDelegate.swift in Sources */ = {isa = PBXBuildFile; fileRef = 634311972475775700D08369 /* AppDelegate.swift */; };
		6343119A2475775700D08369 /* SceneDelegate.swift in Sources */ = {isa = PBXBuildFile; fileRef = 634311992475775700D08369 /* SceneDelegate.swift */; };
		6343119C2475775700D08369 /* ViewController.swift in Sources */ = {isa = PBXBuildFile; fileRef = 6343119B2475775700D08369 /* ViewController.swift */; };
		6343119F2475775700D08369 /* Main.storyboard in Resources */ = {isa = PBXBuildFile; fileRef = 6343119D2475775700D08369 /* Main.storyboard */; };
		634311A12475775800D08369 /* Assets.xcassets in Resources */ = {isa = PBXBuildFile; fileRef = 634311A02475775800D08369 /* Assets.xcassets */; };
		634311A42475775800D08369 /* LaunchScreen.storyboard in Resources */ = {isa = PBXBuildFile; fileRef = 634311A22475775800D08369 /* LaunchScreen.storyboard */; };
		634311AF2475775800D08369 /* MyDiaryTests.swift in Sources */ = {isa = PBXBuildFile; fileRef = 634311AE2475775800D08369 /* MyDiaryTests.swift */; };
		634311BA2475775800D08369 /* MyDiaryUITests.swift in Sources */ = {isa = PBXBuildFile; fileRef = 634311B92475775800D08369 /* MyDiaryUITests.swift */; };
/* End PBXBuildFile section */

/* Begin PBXContainerItemProxy section */
		634311AB2475775800D08369 /* PBXContainerItemProxy */ = {
			isa = PBXContainerItemProxy;
			containerPortal = 6343118C2475775700D08369 /* Project object */;
			proxyType = 1;
			remoteGlobalIDString = 634311932475775700D08369;
			remoteInfo = MyDiary;
		};
		634311B62475775800D08369 /* PBXContainerItemProxy */ = {
			isa = PBXContainerItemProxy;
			containerPortal = 6343118C2475775700D08369 /* Project object */;
			proxyType = 1;
			remoteGlobalIDString = 634311932475775700D08369;
			remoteInfo = MyDiary;
		};
/* End PBXContainerItemProxy section */

/* Begin PBXFileReference section */
		634311942475775700D08369 /* MyDiary.app */ = {isa = PBXFileReference; explicitFileType = wrapper.application; includeInIndex = 0; path = MyDiary.app; sourceTree = BUILT_PRODUCTS_DIR; };
		634311972475775700D08369 /* AppDelegate.swift */ = {isa = PBXFileReference; lastKnownFileType = sourcecode.swift; path = AppDelegate.swift; sourceTree = "<group>"; };
		634311992475775700D08369 /* SceneDelegate.swift */ = {isa = PBXFileReference; lastKnownFileType = sourcecode.swift; path = SceneDelegate.swift; sourceTree = "<group>"; };
		6343119B2475775700D08369 /* ViewController.swift */ = {isa = PBXFileReference; lastKnownFileType = sourcecode.swift; path = ViewController.swift; sourceTree = "<group>"; };
		6343119E2475775700D08369 /* Base */ = {isa = PBXFileReference; lastKnownFileType = file.storyboard; name = Base; path = Base.lproj/Main.storyboard; sourceTree = "<group>"; };
		634311A02475775800D08369 /* Assets.xcassets */ = {isa = PBXFileReference; lastKnownFileType = folder.assetcatalog; path = Assets.xcassets; sourceTree = "<group>"; };
		634311A32475775800D08369 /* Base */ = {isa = PBXFileReference; lastKnownFileType = file.storyboard; name = Base; path = Base.lproj/LaunchScreen.storyboard; sourceTree = "<group>"; };
		634311A52475775800D08369 /* Info.plist */ = {isa = PBXFileReference; lastKnownFileType = text.plist.xml; path = Info.plist; sourceTree = "<group>"; };
		634311AA2475775800D08369 /* MyDiaryTests.xctest */ = {isa = PBXFileReference; explicitFileType = wrapper.cfbundle; includeInIndex = 0; path = MyDiaryTests.xctest; sourceTree = BUILT_PRODUCTS_DIR; };
		634311AE2475775800D08369 /* MyDiaryTests.swift */ = {isa = PBXFileReference; lastKnownFileType = sourcecode.swift; path = MyDiaryTests.swift; sourceTree = "<group>"; };
		634311B02475775800D08369 /* Info.plist */ = {isa = PBXFileReference; lastKnownFileType = text.plist.xml; path = Info.plist; sourceTree = "<group>"; };
		634311B52475775800D08369 /* MyDiaryUITests.xctest */ = {isa = PBXFileReference; explicitFileType = wrapper.cfbundle; includeInIndex = 0; path = MyDiaryUITests.xctest; sourceTree = BUILT_PRODUCTS_DIR; };
		634311B92475775800D08369 /* MyDiaryUITests.swift */ = {isa = PBXFileReference; lastKnownFileType = sourcecode.swift; path = MyDiaryUITests.swift; sourceTree = "<group>"; };
		634311BB2475775800D08369 /* Info.plist */ = {isa = PBXFileReference; lastKnownFileType = text.plist.xml; path = Info.plist; sourceTree = "<group>"; };
/* End PBXFileReference section */

/* Begin PBXFrameworksBuildPhase section */
		634311912475775700D08369 /* Frameworks */ = {
			isa = PBXFrameworksBuildPhase;
			buildActionMask = 2147483647;
			files = (
			);
			runOnlyForDeploymentPostprocessing = 0;
		};
		634311A72475775800D08369 /* Frameworks */ = {
			isa = PBXFrameworksBuildPhase;
			buildActionMask = 2147483647;
			files = (
			);
			runOnlyForDeploymentPostprocessing = 0;
		};
		634311B22475775800D08369 /* Frameworks */ = {
			isa = PBXFrameworksBuildPhase;
			buildActionMask = 2147483647;
			files = (
			);
			runOnlyForDeploymentPostprocessing = 0;
		};
/* End PBXFrameworksBuildPhase section */

/* Begin PBXGroup section */
		6343118B2475775700D08369 = {
			isa = PBXGroup;
			children = (
				634311962475775700D08369 /* MyDiary */,
				634311AD2475775800D08369 /* MyDiaryTests */,
				634311B82475775800D08369 /* MyDiaryUITests */,
				634311952475775700D08369 /* Products */,
			);
			sourceTree = "<group>";
		};
		634311952475775700D08369 /* Products */ = {
			isa = PBXGroup;
			children = (
				634311942475775700D08369 /* MyDiary.app */,
				634311AA2475775800D08369 /* MyDiaryTests.xctest */,
				634311B52475775800D08369 /* MyDiaryUITests.xctest */,
			);
			name = Products;
			sourceTree = "<group>";
		};
		634311962475775700D08369 /* MyDiary */ = {
			isa = PBXGroup;
			children = (
				634311972475775700D08369 /* AppDelegate.swift */,
				634311992475775700D08369 /* SceneDelegate.swift */,
				6343119B2475775700D08369 /* ViewController.swift */,
				6343119D2475775700D08369 /* Main.storyboard */,
				634311A02475775800D08369 /* Assets.xcassets */,
				634311A22475775800D08369 /* LaunchScreen.storyboard */,
				634311A52475775800D08369 /* Info.plist */,
			);
			path = MyDiary;
			sourceTree = "<group>";
		};
		634311AD2475775800D08369 /* MyDiaryTests */ = {
			isa = PBXGroup;
			children = (
				634311AE2475775800D08369 /* MyDiaryTests.swift */,
				634311B02475775800D08369 /* Info.plist */,
			);
			path = MyDiaryTests;
			sourceTree = "<group>";
		};
		634311B82475775800D08369 /* MyDiaryUITests */ = {
			isa = PBXGroup;
			children = (
				634311B92475775800D08369 /* MyDiaryUITests.swift */,
				634311BB2475775800D08369 /* Info.plist */,
			);
			path = MyDiaryUITests;
			sourceTree = "<group>";
		};
/* End PBXGroup section */

/* Begin PBXNativeTarget section */
		634311932475775700D08369 /* MyDiary */ = {
			isa = PBXNativeTarget;
			buildConfigurationList = 634311BE2475775800D08369 /* Build configuration list for PBXNativeTarget "MyDiary" */;
			buildPhases = (
				634311902475775700D08369 /* Sources */,
				634311912475775700D08369 /* Frameworks */,
				634311922475775700D08369 /* Resources */,
			);
			buildRules = (
			);
			dependencies = (
			);
			name = MyDiary;
			productName = MyDiary;
			productReference = 634311942475775700D08369 /* MyDiary.app */;
			productType = "com.apple.product-type.application";
		};
		634311A92475775800D08369 /* MyDiaryTests */ = {
			isa = PBXNativeTarget;
			buildConfigurationList = 634311C12475775800D08369 /* Build configuration list for PBXNativeTarget "MyDiaryTests" */;
			buildPhases = (
				634311A62475775800D08369 /* Sources */,
				634311A72475775800D08369 /* Frameworks */,
				634311A82475775800D08369 /* Resources */,
			);
			buildRules = (
			);
			dependencies = (
				634311AC2475775800D08369 /* PBXTargetDependency */,
			);
			name = MyDiaryTests;
			productName = MyDiaryTests;
			productReference = 634311AA2475775800D08369 /* MyDiaryTests.xctest */;
			productType = "com.apple.product-type.bundle.unit-test";
		};
		634311B42475775800D08369 /* MyDiaryUITests */ = {
			isa = PBXNativeTarget;
			buildConfigurationList = 634311C42475775800D08369 /* Build configuration list for PBXNativeTarget "MyDiaryUITests" */;
			buildPhases = (
				634311B12475775800D08369 /* Sources */,
				634311B22475775800D08369 /* Frameworks */,
				634311B32475775800D08369 /* Resources */,
			);
			buildRules = (
			);
			dependencies = (
				634311B72475775800D08369 /* PBXTargetDependency */,
			);
			name = MyDiaryUITests;
			productName = MyDiaryUITests;
			productReference = 634311B52475775800D08369 /* MyDiaryUITests.xctest */;
			productType = "com.apple.product-type.bundle.ui-testing";
		};
/* End PBXNativeTarget section */

/* Begin PBXProject section */
		6343118C2475775700D08369 /* Project object */ = {
			isa = PBXProject;
			attributes = {
				LastSwiftUpdateCheck = 1140;
				LastUpgradeCheck = 1140;
				ORGANIZATIONNAME = maya;
				TargetAttributes = {
					634311932475775700D08369 = {
						CreatedOnToolsVersion = 11.4.1;
					};
					634311A92475775800D08369 = {
						CreatedOnToolsVersion = 11.4.1;
						TestTargetID = 634311932475775700D08369;
					};
					634311B42475775800D08369 = {
						CreatedOnToolsVersion = 11.4.1;
						TestTargetID = 634311932475775700D08369;
					};
				};
			};
			buildConfigurationList = 6343118F2475775700D08369 /* Build configuration list for PBXProject "MyDiary" */;
			compatibilityVersion = "Xcode 9.3";
			developmentRegion = en;
			hasScannedForEncodings = 0;
			knownRegions = (
				en,
				Base,
			);
			mainGroup = 6343118B2475775700D08369;
			productRefGroup = 634311952475775700D08369 /* Products */;
			projectDirPath = "";
			projectRoot = "";
			targets = (
				634311932475775700D08369 /* MyDiary */,
				634311A92475775800D08369 /* MyDiaryTests */,
				634311B42475775800D08369 /* MyDiaryUITests */,
			);
		};
/* End PBXProject section */

/* Begin PBXResourcesBuildPhase section */
		634311922475775700D08369 /* Resources */ = {
			isa = PBXResourcesBuildPhase;
			buildActionMask = 2147483647;
			files = (
				634311A42475775800D08369 /* LaunchScreen.storyboard in Resources */,
				634311A12475775800D08369 /* Assets.xcassets in Resources */,
				6343119F2475775700D08369 /* Main.storyboard in Resources */,
			);
			runOnlyForDeploymentPostprocessing = 0;
		};
		634311A82475775800D08369 /* Resources */ = {
			isa = PBXResourcesBuildPhase;
			buildActionMask = 2147483647;
			files = (
			);
			runOnlyForDeploymentPostprocessing = 0;
		};
		634311B32475775800D08369 /* Resources */ = {
			isa = PBXResourcesBuildPhase;
			buildActionMask = 2147483647;
			files = (
			);
			runOnlyForDeploymentPostprocessing = 0;
		};
/* End PBXResourcesBuildPhase section */

/* Begin PBXSourcesBuildPhase section */
		634311902475775700D08369 /* Sources */ = {
			isa = PBXSourcesBuildPhase;
			buildActionMask = 2147483647;
			files = (
				6343119C2475775700D08369 /* ViewController.swift in Sources */,
				634311982475775700D08369 /* AppDelegate.swift in Sources */,
				6343119A2475775700D08369 /* SceneDelegate.swift in Sources */,
			);
			runOnlyForDeploymentPostprocessing = 0;
		};
		634311A62475775800D08369 /* Sources */ = {
			isa = PBXSourcesBuildPhase;
			buildActionMask = 2147483647;
			files = (
				634311AF2475775800D08369 /* MyDiaryTests.swift in Sources */,
			);
			runOnlyForDeploymentPostprocessing = 0;
		};
		634311B12475775800D08369 /* Sources */ = {
			isa = PBXSourcesBuildPhase;
			buildActionMask = 2147483647;
			files = (
				634311BA2475775800D08369 /* MyDiaryUITests.swift in Sources */,
			);
			runOnlyForDeploymentPostprocessing = 0;
		};
/* End PBXSourcesBuildPhase section */

/* Begin PBXTargetDependency section */
		634311AC2475775800D08369 /* PBXTargetDependency */ = {
			isa = PBXTargetDependency;
			target = 634311932475775700D08369 /* MyDiary */;
			targetProxy = 634311AB2475775800D08369 /* PBXContainerItemProxy */;
		};
		634311B72475775800D08369 /* PBXTargetDependency */ = {
			isa = PBXTargetDependency;
			target = 634311932475775700D08369 /* MyDiary */;
			targetProxy = 634311B62475775800D08369 /* PBXContainerItemProxy */;
		};
/* End PBXTargetDependency section */

/* Begin PBXVariantGroup section */
		6343119D2475775700D08369 /* Main.storyboard */ = {
			isa = PBXVariantGroup;
			children = (
				6343119E2475775700D08369 /* Base */,
			);
			name = Main.storyboard;
			sourceTree = "<group>";
		};
		634311A22475775800D08369 /* LaunchScreen.storyboard */ = {
			isa = PBXVariantGroup;
			children = (
				634311A32475775800D08369 /* Base */,
			);
			name = LaunchScreen.storyboard;
			sourceTree = "<group>";
		};
/* End PBXVariantGroup section */

/* Begin XCBuildConfiguration section */
		634311BC2475775800D08369 /* Debug */ = {
			isa = XCBuildConfiguration;
			buildSettings = {
				ALWAYS_SEARCH_USER_PATHS = NO;
				CLANG_ANALYZER_NONNULL = YES;
				CLANG_ANALYZER_NUMBER_OBJECT_CONVERSION = YES_AGGRESSIVE;
				CLANG_CXX_LANGUAGE_STANDARD = "gnu++14";
				CLANG_CXX_LIBRARY = "libc++";
				CLANG_ENABLE_MODULES = YES;
				CLANG_ENABLE_OBJC_ARC = YES;
				CLANG_ENABLE_OBJC_WEAK = YES;
				CLANG_WARN_BLOCK_CAPTURE_AUTORELEASING = YES;
				CLANG_WARN_BOOL_CONVERSION = YES;
				CLANG_WARN_COMMA = YES;
				CLANG_WARN_CONSTANT_CONVERSION = YES;
				CLANG_WARN_DEPRECATED_OBJC_IMPLEMENTATIONS = YES;
				CLANG_WARN_DIRECT_OBJC_ISA_USAGE = YES_ERROR;
				CLANG_WARN_DOCUMENTATION_COMMENTS = YES;
				CLANG_WARN_EMPTY_BODY = YES;
				CLANG_WARN_ENUM_CONVERSION = YES;
				CLANG_WARN_INFINITE_RECURSION = YES;
				CLANG_WARN_INT_CONVERSION = YES;
				CLANG_WARN_NON_LITERAL_NULL_CONVERSION = YES;
				CLANG_WARN_OBJC_IMPLICIT_RETAIN_SELF = YES;
				CLANG_WARN_OBJC_LITERAL_CONVERSION = YES;
				CLANG_WARN_OBJC_ROOT_CLASS = YES_ERROR;
				CLANG_WARN_RANGE_LOOP_ANALYSIS = YES;
				CLANG_WARN_STRICT_PROTOTYPES = YES;
				CLANG_WARN_SUSPICIOUS_MOVE = YES;
				CLANG_WARN_UNGUARDED_AVAILABILITY = YES_AGGRESSIVE;
				CLANG_WARN_UNREACHABLE_CODE = YES;
				CLANG_WARN__DUPLICATE_METHOD_MATCH = YES;
				COPY_PHASE_STRIP = NO;
				DEBUG_INFORMATION_FORMAT = dwarf;
				ENABLE_STRICT_OBJC_MSGSEND = YES;
				ENABLE_TESTABILITY = YES;
				GCC_C_LANGUAGE_STANDARD = gnu11;
				GCC_DYNAMIC_NO_PIC = NO;
				GCC_NO_COMMON_BLOCKS = YES;
				GCC_OPTIMIZATION_LEVEL = 0;
				GCC_PREPROCESSOR_DEFINITIONS = (
					"DEBUG=1",
					"$(inherited)",
				);
				GCC_WARN_64_TO_32_BIT_CONVERSION = YES;
				GCC_WARN_ABOUT_RETURN_TYPE = YES_ERROR;
				GCC_WARN_UNDECLARED_SELECTOR = YES;
				GCC_WARN_UNINITIALIZED_AUTOS = YES_AGGRESSIVE;
				GCC_WARN_UNUSED_FUNCTION = YES;
				GCC_WARN_UNUSED_VARIABLE = YES;
				IPHONEOS_DEPLOYMENT_TARGET = 13.4;
				MTL_ENABLE_DEBUG_INFO = INCLUDE_SOURCE;
				MTL_FAST_MATH = YES;
				ONLY_ACTIVE_ARCH = YES;
				SDKROOT = iphoneos;
				SWIFT_ACTIVE_COMPILATION_CONDITIONS = DEBUG;
				SWIFT_OPTIMIZATION_LEVEL = "-Onone";
			};
			name = Debug;
		};
		634311BD2475775800D08369 /* Release */ = {
			isa = XCBuildConfiguration;
			buildSettings = {
				ALWAYS_SEARCH_USER_PATHS = NO;
				CLANG_ANALYZER_NONNULL = YES;
				CLANG_ANALYZER_NUMBER_OBJECT_CONVERSION = YES_AGGRESSIVE;
				CLANG_CXX_LANGUAGE_STANDARD = "gnu++14";
				CLANG_CXX_LIBRARY = "libc++";
				CLANG_ENABLE_MODULES = YES;
				CLANG_ENABLE_OBJC_ARC = YES;
				CLANG_ENABLE_OBJC_WEAK = YES;
				CLANG_WARN_BLOCK_CAPTURE_AUTORELEASING = YES;
				CLANG_WARN_BOOL_CONVERSION = YES;
				CLANG_WARN_COMMA = YES;
				CLANG_WARN_CONSTANT_CONVERSION = YES;
				CLANG_WARN_DEPRECATED_OBJC_IMPLEMENTATIONS = YES;
				CLANG_WARN_DIRECT_OBJC_ISA_USAGE = YES_ERROR;
				CLANG_WARN_DOCUMENTATION_COMMENTS = YES;
				CLANG_WARN_EMPTY_BODY = YES;
				CLANG_WARN_ENUM_CONVERSION = YES;
				CLANG_WARN_INFINITE_RECURSION = YES;
				CLANG_WARN_INT_CONVERSION = YES;
				CLANG_WARN_NON_LITERAL_NULL_CONVERSION = YES;
				CLANG_WARN_OBJC_IMPLICIT_RETAIN_SELF = YES;
				CLANG_WARN_OBJC_LITERAL_CONVERSION = YES;
				CLANG_WARN_OBJC_ROOT_CLASS = YES_ERROR;
				CLANG_WARN_RANGE_LOOP_ANALYSIS = YES;
				CLANG_WARN_STRICT_PROTOTYPES = YES;
				CLANG_WARN_SUSPICIOUS_MOVE = YES;
				CLANG_WARN_UNGUARDED_AVAILABILITY = YES_AGGRESSIVE;
				CLANG_WARN_UNREACHABLE_CODE = YES;
				CLANG_WARN__DUPLICATE_METHOD_MATCH = YES;
				COPY_PHASE_STRIP = NO;
				DEBUG_INFORMATION_FORMAT = "dwarf-with-dsym";
				ENABLE_NS_ASSERTIONS = NO;
				ENABLE_STRICT_OBJC_MSGSEND = YES;
				GCC_C_LANGUAGE_STANDARD = gnu11;
				GCC_NO_COMMON_BLOCKS = YES;
				GCC_WARN_64_TO_32_BIT_CONVERSION = YES;
				GCC_WARN_ABOUT_RETURN_TYPE = YES_ERROR;
				GCC_WARN_UNDECLARED_SELECTOR = YES;
				GCC_WARN_UNINITIALIZED_AUTOS = YES_AGGRESSIVE;
				GCC_WARN_UNUSED_FUNCTION = YES;
				GCC_WARN_UNUSED_VARIABLE = YES;
				IPHONEOS_DEPLOYMENT_TARGET = 13.4;
				MTL_ENABLE_DEBUG_INFO = NO;
				MTL_FAST_MATH = YES;
				SDKROOT = iphoneos;
				SWIFT_COMPILATION_MODE = wholemodule;
				SWIFT_OPTIMIZATION_LEVEL = "-O";
				VALIDATE_PRODUCT = YES;
			};
			name = Release;
		};
		634311BF2475775800D08369 /* Debug */ = {
			isa = XCBuildConfiguration;
			buildSettings = {
				ASSETCATALOG_COMPILER_APPICON_NAME = AppIcon;
				CODE_SIGN_STYLE = Automatic;
				INFOPLIST_FILE = MyDiary/Info.plist;
				LD_RUNPATH_SEARCH_PATHS = (
					"$(inherited)",
					"@executable_path/Frameworks",
				);
				PRODUCT_BUNDLE_IDENTIFIER = maya.MyDiary;
				PRODUCT_NAME = "$(TARGET_NAME)";
				SWIFT_VERSION = 5.0;
				TARGETED_DEVICE_FAMILY = "1,2";
			};
			name = Debug;
		};
		634311C02475775800D08369 /* Release */ = {
			isa = XCBuildConfiguration;
			buildSettings = {
				ASSETCATALOG_COMPILER_APPICON_NAME = AppIcon;
				CODE_SIGN_STYLE = Automatic;
				INFOPLIST_FILE = MyDiary/Info.plist;
				LD_RUNPATH_SEARCH_PATHS = (
					"$(inherited)",
					"@executable_path/Frameworks",
				);
				PRODUCT_BUNDLE_IDENTIFIER = maya.MyDiary;
				PRODUCT_NAME = "$(TARGET_NAME)";
				SWIFT_VERSION = 5.0;
				TARGETED_DEVICE_FAMILY = "1,2";
			};
			name = Release;
		};
		634311C22475775800D08369 /* Debug */ = {
			isa = XCBuildConfiguration;
			buildSettings = {
				ALWAYS_EMBED_SWIFT_STANDARD_LIBRARIES = YES;
				BUNDLE_LOADER = "$(TEST_HOST)";
				CODE_SIGN_STYLE = Automatic;
				INFOPLIST_FILE = MyDiaryTests/Info.plist;
				IPHONEOS_DEPLOYMENT_TARGET = 13.4;
				LD_RUNPATH_SEARCH_PATHS = (
					"$(inherited)",
					"@executable_path/Frameworks",
					"@loader_path/Frameworks",
				);
				PRODUCT_BUNDLE_IDENTIFIER = maya.MyDiaryTests;
				PRODUCT_NAME = "$(TARGET_NAME)";
				SWIFT_VERSION = 5.0;
				TARGETED_DEVICE_FAMILY = "1,2";
				TEST_HOST = "$(BUILT_PRODUCTS_DIR)/MyDiary.app/MyDiary";
			};
			name = Debug;
		};
		634311C32475775800D08369 /* Release */ = {
			isa = XCBuildConfiguration;
			buildSettings = {
				ALWAYS_EMBED_SWIFT_STANDARD_LIBRARIES = YES;
				BUNDLE_LOADER = "$(TEST_HOST)";
				CODE_SIGN_STYLE = Automatic;
				INFOPLIST_FILE = MyDiaryTests/Info.plist;
				IPHONEOS_DEPLOYMENT_TARGET = 13.4;
				LD_RUNPATH_SEARCH_PATHS = (
					"$(inherited)",
					"@executable_path/Frameworks",
					"@loader_path/Frameworks",
				);
				PRODUCT_BUNDLE_IDENTIFIER = maya.MyDiaryTests;
				PRODUCT_NAME = "$(TARGET_NAME)";
				SWIFT_VERSION = 5.0;
				TARGETED_DEVICE_FAMILY = "1,2";
				TEST_HOST = "$(BUILT_PRODUCTS_DIR)/MyDiary.app/MyDiary";
			};
			name = Release;
		};
		634311C52475775800D08369 /* Debug */ = {
			isa = XCBuildConfiguration;
			buildSettings = {
				ALWAYS_EMBED_SWIFT_STANDARD_LIBRARIES = YES;
				CODE_SIGN_STYLE = Automatic;
				INFOPLIST_FILE = MyDiaryUITests/Info.plist;
				LD_RUNPATH_SEARCH_PATHS = (
					"$(inherited)",
					"@executable_path/Frameworks",
					"@loader_path/Frameworks",
				);
				PRODUCT_BUNDLE_IDENTIFIER = maya.MyDiaryUITests;
				PRODUCT_NAME = "$(TARGET_NAME)";
				SWIFT_VERSION = 5.0;
				TARGETED_DEVICE_FAMILY = "1,2";
				TEST_TARGET_NAME = MyDiary;
			};
			name = Debug;
		};
		634311C62475775800D08369 /* Release */ = {
			isa = XCBuildConfiguration;
			buildSettings = {
				ALWAYS_EMBED_SWIFT_STANDARD_LIBRARIES = YES;
				CODE_SIGN_STYLE = Automatic;
				INFOPLIST_FILE = MyDiaryUITests/Info.plist;
				LD_RUNPATH_SEARCH_PATHS = (
					"$(inherited)",
					"@executable_path/Frameworks",
					"@loader_path/Frameworks",
				);
				PRODUCT_BUNDLE_IDENTIFIER = maya.MyDiaryUITests;
				PRODUCT_NAME = "$(TARGET_NAME)";
				SWIFT_VERSION = 5.0;
				TARGETED_DEVICE_FAMILY = "1,2";
				TEST_TARGET_NAME = MyDiary;
			};
			name = Release;
		};
/* End XCBuildConfiguration section */

/* Begin XCConfigurationList section */
		6343118F2475775700D08369 /* Build configuration list for PBXProject "MyDiary" */ = {
			isa = XCConfigurationList;
			buildConfigurations = (
				634311BC2475775800D08369 /* Debug */,
				634311BD2475775800D08369 /* Release */,
			);
			defaultConfigurationIsVisible = 0;
			defaultConfigurationName = Release;
		};
		634311BE2475775800D08369 /* Build configuration list for PBXNativeTarget "MyDiary" */ = {
			isa = XCConfigurationList;
			buildConfigurations = (
				634311BF2475775800D08369 /* Debug */,
				634311C02475775800D08369 /* Release */,
			);
			defaultConfigurationIsVisible = 0;
			defaultConfigurationName = Release;
		};
		634311C12475775800D08369 /* Build configuration list for PBXNativeTarget "MyDiaryTests" */ = {
			isa = XCConfigurationList;
			buildConfigurations = (
				634311C22475775800D08369 /* Debug */,
				634311C32475775800D08369 /* Release */,
			);
			defaultConfigurationIsVisible = 0;
			defaultConfigurationName = Release;
		};
		634311C42475775800D08369 /* Build configuration list for PBXNativeTarget "MyDiaryUITests" */ = {
			isa = XCConfigurationList;
			buildConfigurations = (
				634311C52475775800D08369 /* Debug */,
				634311C62475775800D08369 /* Release */,
			);
			defaultConfigurationIsVisible = 0;
			defaultConfigurationName = Release;
		};
/* End XCConfigurationList section */
	};
	rootObject = 6343118C2475775700D08369 /* Project object */;
}
